
Microsoft Visual Studio Solution File, Format Version 11.00
# Visual Studio 2010
Project("{8BC9CEB8-8B4A-11D0-8D11-00A0C91BC942}") = "iSim", "iSim.vcxproj", "{09C14A41-5E9C-49C4-A748-20B75E2F058F}"
EndProject
Global
	GlobalSection(SolutionConfigurationPlatforms) = preSolution
		DBG_UC|Win32 = DBG_UC|Win32
		DBG_UC|x64 = DBG_UC|x64
		DBG|Win32 = DBG|Win32
		DBG|x64 = DBG|x64
		RLS_UC|Win32 = RLS_UC|Win32
		RLS_UC|x64 = RLS_UC|x64
		RLS|Win32 = RLS|Win32
		RLS|x64 = RLS|x64
	EndGlobalSection
	GlobalSection(ProjectConfigurationPlatforms) = postSolution
		{09C14A41-5E9C-49C4-A748-20B75E2F058F}.DBG_UC|Win32.ActiveCfg = DBG_UC|Win32
		{09C14A41-5E9C-49C4-A748-20B75E2F058F}.DBG_UC|Win32.Build.0 = DBG_UC|Win32
		{09C14A41-5E9C-49C4-A748-20B75E2F058F}.DBG_UC|x64.ActiveCfg = DBG_UC|x64
		{09C14A41-5E9C-49C4-A748-20B75E2F058F}.DBG_UC|x64.Build.0 = DBG_UC|x64
		{09C14A41-5E9C-49C4-A748-20B75E2F058F}.DBG|Win32.ActiveCfg = DBG|Win32
		{09C14A41-5E9C-49C4-A748-20B75E2F058F}.DBG|Win32.Build.0 = DBG|Win32
		{09C14A41-5E9C-49C4-A748-20B75E2F058F}.DBG|x64.ActiveCfg = DBG|x64
		{09C14A41-5E9C-49C4-A748-20B75E2F058F}.DBG|x64.Build.0 = DBG|x64
		{09C14A41-5E9C-49C4-A748-20B75E2F058F}.RLS_UC|Win32.ActiveCfg = RLS_UC|Win32
		{09C14A41-5E9C-49C4-A748-20B75E2F058F}.RLS_UC|Win32.Build.0 = RLS_UC|Win32
		{09C14A41-5E9C-49C4-A748-20B75E2F058F}.RLS_UC|x64.ActiveCfg = RLS_UC|x64
		{09C14A41-5E9C-49C4-A748-20B75E2F058F}.RLS_UC|x64.Build.0 = RLS_UC|x64
		{09C14A41-5E9C-49C4-A748-20B75E2F058F}.RLS|Win32.ActiveCfg = RLS|Win32
		{09C14A41-5E9C-49C4-A748-20B75E2F058F}.RLS|Win32.Build.0 = RLS|Win32
		{09C14A41-5E9C-49C4-A748-20B75E2F058F}.RLS|x64.ActiveCfg = RLS|x64
		{09C14A41-5E9C-49C4-A748-20B75E2F058F}.RLS|x64.Build.0 = RLS|x64
	EndGlobalSection
	GlobalSection(SolutionProperties) = preSolution
		HideSolutionNode = FALSE
	EndGlobalSection
EndGlobal
